<?xml version="1.0" encoding="UTF-8" standalone="yes" ?>
<CodeBlocks_project_file>
   <FileVersion major="1" minor="6" />
   <Project>
      <Option title="SFML" />
      <Option makefile_is_custom="1" />
      <Option compiler="gcc" />
      <Option virtualFolders="CMake Files\;CMake Files\cmake\;CMake Files\cmake\Modules\;CMake Files\src\;CMake Files\src\SFML\;CMake Files\src\SFML\System\;CMake Files\src\SFML\Window\;CMake Files\src\SFML\Network\;CMake Files\src\SFML\Graphics\;CMake Files\src\SFML\Audio\;" />
      <Build>
      <Target title="all">
         <Option working_dir="/home/trung/CountUp/build-SFMLX-Desktop_Qt_5_5_1_GCC_64bit-Default" />
         <Option type="4" />
         <MakeCommands>
            <Build command="/usr/bin/make -f &quot;/home/trung/CountUp/build-SFMLX-Desktop_Qt_5_5_1_GCC_64bit-Default/Makefile&quot;  VERBOSE=1 all" />
            <CompileFile command="/usr/bin/make -f &quot;/home/trung/CountUp/build-SFMLX-Desktop_Qt_5_5_1_GCC_64bit-Default/Makefile&quot;  VERBOSE=1 &quot;$file&quot;" />
            <Clean command="/usr/bin/make -f &quot;/home/trung/CountUp/build-SFMLX-Desktop_Qt_5_5_1_GCC_64bit-Default/Makefile&quot;  VERBOSE=1 clean" />
            <DistClean command="/usr/bin/make -f &quot;/home/trung/CountUp/build-SFMLX-Desktop_Qt_5_5_1_GCC_64bit-Default/Makefile&quot;  VERBOSE=1 clean" />
         </MakeCommands>
      </Target>
      <Target title="install/strip">
         <Option working_dir="/home/trung/CountUp/build-SFMLX-Desktop_Qt_5_5_1_GCC_64bit-Default" />
         <Option type="4" />
         <MakeCommands>
            <Build command="/usr/bin/make -f &quot;/home/trung/CountUp/build-SFMLX-Desktop_Qt_5_5_1_GCC_64bit-Default/Makefile&quot;  VERBOSE=1 install/strip" />
            <CompileFile command="/usr/bin/make -f &quot;/home/trung/CountUp/build-SFMLX-Desktop_Qt_5_5_1_GCC_64bit-Default/Makefile&quot;  VERBOSE=1 &quot;$file&quot;" />
            <Clean command="/usr/bin/make -f &quot;/home/trung/CountUp/build-SFMLX-Desktop_Qt_5_5_1_GCC_64bit-Default/Makefile&quot;  VERBOSE=1 clean" />
            <DistClean command="/usr/bin/make -f &quot;/home/trung/CountUp/build-SFMLX-Desktop_Qt_5_5_1_GCC_64bit-Default/Makefile&quot;  VERBOSE=1 clean" />
         </MakeCommands>
      </Target>
      <Target title="edit_cache">
         <Option working_dir="/home/trung/CountUp/build-SFMLX-Desktop_Qt_5_5_1_GCC_64bit-Default" />
         <Option type="4" />
         <MakeCommands>
            <Build command="/usr/bin/make -f &quot;/home/trung/CountUp/build-SFMLX-Desktop_Qt_5_5_1_GCC_64bit-Default/Makefile&quot;  VERBOSE=1 edit_cache" />
            <CompileFile command="/usr/bin/make -f &quot;/home/trung/CountUp/build-SFMLX-Desktop_Qt_5_5_1_GCC_64bit-Default/Makefile&quot;  VERBOSE=1 &quot;$file&quot;" />
            <Clean command="/usr/bin/make -f &quot;/home/trung/CountUp/build-SFMLX-Desktop_Qt_5_5_1_GCC_64bit-Default/Makefile&quot;  VERBOSE=1 clean" />
            <DistClean command="/usr/bin/make -f &quot;/home/trung/CountUp/build-SFMLX-Desktop_Qt_5_5_1_GCC_64bit-Default/Makefile&quot;  VERBOSE=1 clean" />
         </MakeCommands>
      </Target>
      <Target title="rebuild_cache">
         <Option working_dir="/home/trung/CountUp/build-SFMLX-Desktop_Qt_5_5_1_GCC_64bit-Default" />
         <Option type="4" />
         <MakeCommands>
            <Build command="/usr/bin/make -f &quot;/home/trung/CountUp/build-SFMLX-Desktop_Qt_5_5_1_GCC_64bit-Default/Makefile&quot;  VERBOSE=1 rebuild_cache" />
            <CompileFile command="/usr/bin/make -f &quot;/home/trung/CountUp/build-SFMLX-Desktop_Qt_5_5_1_GCC_64bit-Default/Makefile&quot;  VERBOSE=1 &quot;$file&quot;" />
            <Clean command="/usr/bin/make -f &quot;/home/trung/CountUp/build-SFMLX-Desktop_Qt_5_5_1_GCC_64bit-Default/Makefile&quot;  VERBOSE=1 clean" />
            <DistClean command="/usr/bin/make -f &quot;/home/trung/CountUp/build-SFMLX-Desktop_Qt_5_5_1_GCC_64bit-Default/Makefile&quot;  VERBOSE=1 clean" />
         </MakeCommands>
      </Target>
      <Target title="install">
         <Option working_dir="/home/trung/CountUp/build-SFMLX-Desktop_Qt_5_5_1_GCC_64bit-Default" />
         <Option type="4" />
         <MakeCommands>
            <Build command="/usr/bin/make -f &quot;/home/trung/CountUp/build-SFMLX-Desktop_Qt_5_5_1_GCC_64bit-Default/Makefile&quot;  VERBOSE=1 install" />
            <CompileFile command="/usr/bin/make -f &quot;/home/trung/CountUp/build-SFMLX-Desktop_Qt_5_5_1_GCC_64bit-Default/Makefile&quot;  VERBOSE=1 &quot;$file&quot;" />
            <Clean command="/usr/bin/make -f &quot;/home/trung/CountUp/build-SFMLX-Desktop_Qt_5_5_1_GCC_64bit-Default/Makefile&quot;  VERBOSE=1 clean" />
            <DistClean command="/usr/bin/make -f &quot;/home/trung/CountUp/build-SFMLX-Desktop_Qt_5_5_1_GCC_64bit-Default/Makefile&quot;  VERBOSE=1 clean" />
         </MakeCommands>
      </Target>
      <Target title="list_install_components">
         <Option working_dir="/home/trung/CountUp/build-SFMLX-Desktop_Qt_5_5_1_GCC_64bit-Default" />
         <Option type="4" />
         <MakeCommands>
            <Build command="/usr/bin/make -f &quot;/home/trung/CountUp/build-SFMLX-Desktop_Qt_5_5_1_GCC_64bit-Default/Makefile&quot;  VERBOSE=1 list_install_components" />
            <CompileFile command="/usr/bin/make -f &quot;/home/trung/CountUp/build-SFMLX-Desktop_Qt_5_5_1_GCC_64bit-Default/Makefile&quot;  VERBOSE=1 &quot;$file&quot;" />
            <Clean command="/usr/bin/make -f &quot;/home/trung/CountUp/build-SFMLX-Desktop_Qt_5_5_1_GCC_64bit-Default/Makefile&quot;  VERBOSE=1 clean" />
            <DistClean command="/usr/bin/make -f &quot;/home/trung/CountUp/build-SFMLX-Desktop_Qt_5_5_1_GCC_64bit-Default/Makefile&quot;  VERBOSE=1 clean" />
         </MakeCommands>
      </Target>
      <Target title="install/local">
         <Option working_dir="/home/trung/CountUp/build-SFMLX-Desktop_Qt_5_5_1_GCC_64bit-Default" />
         <Option type="4" />
         <MakeCommands>
            <Build command="/usr/bin/make -f &quot;/home/trung/CountUp/build-SFMLX-Desktop_Qt_5_5_1_GCC_64bit-Default/Makefile&quot;  VERBOSE=1 install/local" />
            <CompileFile command="/usr/bin/make -f &quot;/home/trung/CountUp/build-SFMLX-Desktop_Qt_5_5_1_GCC_64bit-Default/Makefile&quot;  VERBOSE=1 &quot;$file&quot;" />
            <Clean command="/usr/bin/make -f &quot;/home/trung/CountUp/build-SFMLX-Desktop_Qt_5_5_1_GCC_64bit-Default/Makefile&quot;  VERBOSE=1 clean" />
            <DistClean command="/usr/bin/make -f &quot;/home/trung/CountUp/build-SFMLX-Desktop_Qt_5_5_1_GCC_64bit-Default/Makefile&quot;  VERBOSE=1 clean" />
         </MakeCommands>
      </Target>
      <Target title="sfml-system">
         <Option output="/home/trung/CountUp/build-SFMLX-Desktop_Qt_5_5_1_GCC_64bit-Default/lib/libsfml-system.so" prefix_auto="0" extension_auto="0" />
         <Option working_dir="/home/trung/CountUp/build-SFMLX-Desktop_Qt_5_5_1_GCC_64bit-Default/src/SFML/System" />
         <Option object_output="./" />
         <Option type="3" />
         <Option compiler="gcc" />
         <Compiler>
            <Add directory="/home/trung/CountUp/SFMLX/include" />
            <Add directory="/home/trung/CountUp/SFMLX/src" />
            <Add directory="/usr/include" />
            <Add directory="/usr/include/c++/5" />
            <Add directory="/usr/include/c++/5/backward" />
            <Add directory="/usr/include/x86_64-linux-gnu" />
            <Add directory="/usr/include/x86_64-linux-gnu/c++/5" />
            <Add directory="/usr/lib/gcc/x86_64-linux-gnu/5/include" />
            <Add directory="/usr/lib/gcc/x86_64-linux-gnu/5/include-fixed" />
            <Add directory="/usr/local/include" />
         </Compiler>
         <MakeCommands>
            <Build command="/usr/bin/make -f &quot;/home/trung/CountUp/build-SFMLX-Desktop_Qt_5_5_1_GCC_64bit-Default/src/SFML/System/Makefile&quot;  VERBOSE=1 sfml-system" />
            <CompileFile command="/usr/bin/make -f &quot;/home/trung/CountUp/build-SFMLX-Desktop_Qt_5_5_1_GCC_64bit-Default/src/SFML/System/Makefile&quot;  VERBOSE=1 &quot;$file&quot;" />
            <Clean command="/usr/bin/make -f &quot;/home/trung/CountUp/build-SFMLX-Desktop_Qt_5_5_1_GCC_64bit-Default/src/SFML/System/Makefile&quot;  VERBOSE=1 clean" />
            <DistClean command="/usr/bin/make -f &quot;/home/trung/CountUp/build-SFMLX-Desktop_Qt_5_5_1_GCC_64bit-Default/src/SFML/System/Makefile&quot;  VERBOSE=1 clean" />
         </MakeCommands>
      </Target>
      <Target title="sfml-system/fast">
         <Option output="/home/trung/CountUp/build-SFMLX-Desktop_Qt_5_5_1_GCC_64bit-Default/lib/libsfml-system.so" prefix_auto="0" extension_auto="0" />
         <Option working_dir="/home/trung/CountUp/build-SFMLX-Desktop_Qt_5_5_1_GCC_64bit-Default/src/SFML/System" />
         <Option object_output="./" />
         <Option type="3" />
         <Option compiler="gcc" />
         <Compiler>
            <Add directory="/home/trung/CountUp/SFMLX/include" />
            <Add directory="/home/trung/CountUp/SFMLX/src" />
            <Add directory="/usr/include" />
            <Add directory="/usr/include/c++/5" />
            <Add directory="/usr/include/c++/5/backward" />
            <Add directory="/usr/include/x86_64-linux-gnu" />
            <Add directory="/usr/include/x86_64-linux-gnu/c++/5" />
            <Add directory="/usr/lib/gcc/x86_64-linux-gnu/5/include" />
            <Add directory="/usr/lib/gcc/x86_64-linux-gnu/5/include-fixed" />
            <Add directory="/usr/local/include" />
         </Compiler>
         <MakeCommands>
            <Build command="/usr/bin/make -f &quot;/home/trung/CountUp/build-SFMLX-Desktop_Qt_5_5_1_GCC_64bit-Default/src/SFML/System/Makefile&quot;  VERBOSE=1 sfml-system/fast" />
            <CompileFile command="/usr/bin/make -f &quot;/home/trung/CountUp/build-SFMLX-Desktop_Qt_5_5_1_GCC_64bit-Default/src/SFML/System/Makefile&quot;  VERBOSE=1 &quot;$file&quot;" />
            <Clean command="/usr/bin/make -f &quot;/home/trung/CountUp/build-SFMLX-Desktop_Qt_5_5_1_GCC_64bit-Default/src/SFML/System/Makefile&quot;  VERBOSE=1 clean" />
            <DistClean command="/usr/bin/make -f &quot;/home/trung/CountUp/build-SFMLX-Desktop_Qt_5_5_1_GCC_64bit-Default/src/SFML/System/Makefile&quot;  VERBOSE=1 clean" />
         </MakeCommands>
      </Target>
      <Target title="sfml-window">
         <Option output="/home/trung/CountUp/build-SFMLX-Desktop_Qt_5_5_1_GCC_64bit-Default/lib/libsfml-window.so" prefix_auto="0" extension_auto="0" />
         <Option working_dir="/home/trung/CountUp/build-SFMLX-Desktop_Qt_5_5_1_GCC_64bit-Default/src/SFML/Window" />
         <Option object_output="./" />
         <Option type="3" />
         <Option compiler="gcc" />
         <Compiler>
            <Add directory="/home/trung/CountUp/SFMLX/include" />
            <Add directory="/home/trung/CountUp/SFMLX/src" />
            <Add directory="/usr/include" />
            <Add directory="/usr/include/c++/5" />
            <Add directory="/usr/include/c++/5/backward" />
            <Add directory="/usr/include/x86_64-linux-gnu" />
            <Add directory="/usr/include/x86_64-linux-gnu/c++/5" />
            <Add directory="/usr/lib/gcc/x86_64-linux-gnu/5/include" />
            <Add directory="/usr/lib/gcc/x86_64-linux-gnu/5/include-fixed" />
            <Add directory="/usr/local/include" />
         </Compiler>
         <MakeCommands>
            <Build command="/usr/bin/make -f &quot;/home/trung/CountUp/build-SFMLX-Desktop_Qt_5_5_1_GCC_64bit-Default/src/SFML/Window/Makefile&quot;  VERBOSE=1 sfml-window" />
            <CompileFile command="/usr/bin/make -f &quot;/home/trung/CountUp/build-SFMLX-Desktop_Qt_5_5_1_GCC_64bit-Default/src/SFML/Window/Makefile&quot;  VERBOSE=1 &quot;$file&quot;" />
            <Clean command="/usr/bin/make -f &quot;/home/trung/CountUp/build-SFMLX-Desktop_Qt_5_5_1_GCC_64bit-Default/src/SFML/Window/Makefile&quot;  VERBOSE=1 clean" />
            <DistClean command="/usr/bin/make -f &quot;/home/trung/CountUp/build-SFMLX-Desktop_Qt_5_5_1_GCC_64bit-Default/src/SFML/Window/Makefile&quot;  VERBOSE=1 clean" />
         </MakeCommands>
      </Target>
      <Target title="sfml-window/fast">
         <Option output="/home/trung/CountUp/build-SFMLX-Desktop_Qt_5_5_1_GCC_64bit-Default/lib/libsfml-window.so" prefix_auto="0" extension_auto="0" />
         <Option working_dir="/home/trung/CountUp/build-SFMLX-Desktop_Qt_5_5_1_GCC_64bit-Default/src/SFML/Window" />
         <Option object_output="./" />
         <Option type="3" />
         <Option compiler="gcc" />
         <Compiler>
            <Add directory="/home/trung/CountUp/SFMLX/include" />
            <Add directory="/home/trung/CountUp/SFMLX/src" />
            <Add directory="/usr/include" />
            <Add directory="/usr/include/c++/5" />
            <Add directory="/usr/include/c++/5/backward" />
            <Add directory="/usr/include/x86_64-linux-gnu" />
            <Add directory="/usr/include/x86_64-linux-gnu/c++/5" />
            <Add directory="/usr/lib/gcc/x86_64-linux-gnu/5/include" />
            <Add directory="/usr/lib/gcc/x86_64-linux-gnu/5/include-fixed" />
            <Add directory="/usr/local/include" />
         </Compiler>
         <MakeCommands>
            <Build command="/usr/bin/make -f &quot;/home/trung/CountUp/build-SFMLX-Desktop_Qt_5_5_1_GCC_64bit-Default/src/SFML/Window/Makefile&quot;  VERBOSE=1 sfml-window/fast" />
            <CompileFile command="/usr/bin/make -f &quot;/home/trung/CountUp/build-SFMLX-Desktop_Qt_5_5_1_GCC_64bit-Default/src/SFML/Window/Makefile&quot;  VERBOSE=1 &quot;$file&quot;" />
            <Clean command="/usr/bin/make -f &quot;/home/trung/CountUp/build-SFMLX-Desktop_Qt_5_5_1_GCC_64bit-Default/src/SFML/Window/Makefile&quot;  VERBOSE=1 clean" />
            <DistClean command="/usr/bin/make -f &quot;/home/trung/CountUp/build-SFMLX-Desktop_Qt_5_5_1_GCC_64bit-Default/src/SFML/Window/Makefile&quot;  VERBOSE=1 clean" />
         </MakeCommands>
      </Target>
      <Target title="sfml-network">
         <Option output="/home/trung/CountUp/build-SFMLX-Desktop_Qt_5_5_1_GCC_64bit-Default/lib/libsfml-network.so" prefix_auto="0" extension_auto="0" />
         <Option working_dir="/home/trung/CountUp/build-SFMLX-Desktop_Qt_5_5_1_GCC_64bit-Default/src/SFML/Network" />
         <Option object_output="./" />
         <Option type="3" />
         <Option compiler="gcc" />
         <Compiler>
            <Add directory="/home/trung/CountUp/SFMLX/include" />
            <Add directory="/home/trung/CountUp/SFMLX/src" />
            <Add directory="/usr/include" />
            <Add directory="/usr/include/c++/5" />
            <Add directory="/usr/include/c++/5/backward" />
            <Add directory="/usr/include/x86_64-linux-gnu" />
            <Add directory="/usr/include/x86_64-linux-gnu/c++/5" />
            <Add directory="/usr/lib/gcc/x86_64-linux-gnu/5/include" />
            <Add directory="/usr/lib/gcc/x86_64-linux-gnu/5/include-fixed" />
            <Add directory="/usr/local/include" />
         </Compiler>
         <MakeCommands>
            <Build command="/usr/bin/make -f &quot;/home/trung/CountUp/build-SFMLX-Desktop_Qt_5_5_1_GCC_64bit-Default/src/SFML/Network/Makefile&quot;  VERBOSE=1 sfml-network" />
            <CompileFile command="/usr/bin/make -f &quot;/home/trung/CountUp/build-SFMLX-Desktop_Qt_5_5_1_GCC_64bit-Default/src/SFML/Network/Makefile&quot;  VERBOSE=1 &quot;$file&quot;" />
            <Clean command="/usr/bin/make -f &quot;/home/trung/CountUp/build-SFMLX-Desktop_Qt_5_5_1_GCC_64bit-Default/src/SFML/Network/Makefile&quot;  VERBOSE=1 clean" />
            <DistClean command="/usr/bin/make -f &quot;/home/trung/CountUp/build-SFMLX-Desktop_Qt_5_5_1_GCC_64bit-Default/src/SFML/Network/Makefile&quot;  VERBOSE=1 clean" />
         </MakeCommands>
      </Target>
      <Target title="sfml-network/fast">
         <Option output="/home/trung/CountUp/build-SFMLX-Desktop_Qt_5_5_1_GCC_64bit-Default/lib/libsfml-network.so" prefix_auto="0" extension_auto="0" />
         <Option working_dir="/home/trung/CountUp/build-SFMLX-Desktop_Qt_5_5_1_GCC_64bit-Default/src/SFML/Network" />
         <Option object_output="./" />
         <Option type="3" />
         <Option compiler="gcc" />
         <Compiler>
            <Add directory="/home/trung/CountUp/SFMLX/include" />
            <Add directory="/home/trung/CountUp/SFMLX/src" />
            <Add directory="/usr/include" />
            <Add directory="/usr/include/c++/5" />
            <Add directory="/usr/include/c++/5/backward" />
            <Add directory="/usr/include/x86_64-linux-gnu" />
            <Add directory="/usr/include/x86_64-linux-gnu/c++/5" />
            <Add directory="/usr/lib/gcc/x86_64-linux-gnu/5/include" />
            <Add directory="/usr/lib/gcc/x86_64-linux-gnu/5/include-fixed" />
            <Add directory="/usr/local/include" />
         </Compiler>
         <MakeCommands>
            <Build command="/usr/bin/make -f &quot;/home/trung/CountUp/build-SFMLX-Desktop_Qt_5_5_1_GCC_64bit-Default/src/SFML/Network/Makefile&quot;  VERBOSE=1 sfml-network/fast" />
            <CompileFile command="/usr/bin/make -f &quot;/home/trung/CountUp/build-SFMLX-Desktop_Qt_5_5_1_GCC_64bit-Default/src/SFML/Network/Makefile&quot;  VERBOSE=1 &quot;$file&quot;" />
            <Clean command="/usr/bin/make -f &quot;/home/trung/CountUp/build-SFMLX-Desktop_Qt_5_5_1_GCC_64bit-Default/src/SFML/Network/Makefile&quot;  VERBOSE=1 clean" />
            <DistClean command="/usr/bin/make -f &quot;/home/trung/CountUp/build-SFMLX-Desktop_Qt_5_5_1_GCC_64bit-Default/src/SFML/Network/Makefile&quot;  VERBOSE=1 clean" />
         </MakeCommands>
      </Target>
      <Target title="sfml-graphics">
         <Option output="/home/trung/CountUp/build-SFMLX-Desktop_Qt_5_5_1_GCC_64bit-Default/lib/libsfml-graphics.so" prefix_auto="0" extension_auto="0" />
         <Option working_dir="/home/trung/CountUp/build-SFMLX-Desktop_Qt_5_5_1_GCC_64bit-Default/src/SFML/Graphics" />
         <Option object_output="./" />
         <Option type="3" />
         <Option compiler="gcc" />
         <Compiler>
            <Add option="-DSTBI_FAILURE_USERMSG" />
            <Add directory="/home/trung/CountUp/SFMLX/extlibs/headers/stb_image" />
            <Add directory="/home/trung/CountUp/SFMLX/include" />
            <Add directory="/home/trung/CountUp/SFMLX/src" />
            <Add directory="/usr/include" />
            <Add directory="/usr/include/c++/5" />
            <Add directory="/usr/include/c++/5/backward" />
            <Add directory="/usr/include/freetype2" />
            <Add directory="/usr/include/x86_64-linux-gnu" />
            <Add directory="/usr/include/x86_64-linux-gnu/c++/5" />
            <Add directory="/usr/include/x86_64-linux-gnu/freetype2" />
            <Add directory="/usr/lib/gcc/x86_64-linux-gnu/5/include" />
            <Add directory="/usr/lib/gcc/x86_64-linux-gnu/5/include-fixed" />
            <Add directory="/usr/local/include" />
         </Compiler>
         <MakeCommands>
            <Build command="/usr/bin/make -f &quot;/home/trung/CountUp/build-SFMLX-Desktop_Qt_5_5_1_GCC_64bit-Default/src/SFML/Graphics/Makefile&quot;  VERBOSE=1 sfml-graphics" />
            <CompileFile command="/usr/bin/make -f &quot;/home/trung/CountUp/build-SFMLX-Desktop_Qt_5_5_1_GCC_64bit-Default/src/SFML/Graphics/Makefile&quot;  VERBOSE=1 &quot;$file&quot;" />
            <Clean command="/usr/bin/make -f &quot;/home/trung/CountUp/build-SFMLX-Desktop_Qt_5_5_1_GCC_64bit-Default/src/SFML/Graphics/Makefile&quot;  VERBOSE=1 clean" />
            <DistClean command="/usr/bin/make -f &quot;/home/trung/CountUp/build-SFMLX-Desktop_Qt_5_5_1_GCC_64bit-Default/src/SFML/Graphics/Makefile&quot;  VERBOSE=1 clean" />
         </MakeCommands>
      </Target>
      <Target title="sfml-graphics/fast">
         <Option output="/home/trung/CountUp/build-SFMLX-Desktop_Qt_5_5_1_GCC_64bit-Default/lib/libsfml-graphics.so" prefix_auto="0" extension_auto="0" />
         <Option working_dir="/home/trung/CountUp/build-SFMLX-Desktop_Qt_5_5_1_GCC_64bit-Default/src/SFML/Graphics" />
         <Option object_output="./" />
         <Option type="3" />
         <Option compiler="gcc" />
         <Compiler>
            <Add option="-DSTBI_FAILURE_USERMSG" />
            <Add directory="/home/trung/CountUp/SFMLX/extlibs/headers/stb_image" />
            <Add directory="/home/trung/CountUp/SFMLX/include" />
            <Add directory="/home/trung/CountUp/SFMLX/src" />
            <Add directory="/usr/include" />
            <Add directory="/usr/include/c++/5" />
            <Add directory="/usr/include/c++/5/backward" />
            <Add directory="/usr/include/freetype2" />
            <Add directory="/usr/include/x86_64-linux-gnu" />
            <Add directory="/usr/include/x86_64-linux-gnu/c++/5" />
            <Add directory="/usr/include/x86_64-linux-gnu/freetype2" />
            <Add directory="/usr/lib/gcc/x86_64-linux-gnu/5/include" />
            <Add directory="/usr/lib/gcc/x86_64-linux-gnu/5/include-fixed" />
            <Add directory="/usr/local/include" />
         </Compiler>
         <MakeCommands>
            <Build command="/usr/bin/make -f &quot;/home/trung/CountUp/build-SFMLX-Desktop_Qt_5_5_1_GCC_64bit-Default/src/SFML/Graphics/Makefile&quot;  VERBOSE=1 sfml-graphics/fast" />
            <CompileFile command="/usr/bin/make -f &quot;/home/trung/CountUp/build-SFMLX-Desktop_Qt_5_5_1_GCC_64bit-Default/src/SFML/Graphics/Makefile&quot;  VERBOSE=1 &quot;$file&quot;" />
            <Clean command="/usr/bin/make -f &quot;/home/trung/CountUp/build-SFMLX-Desktop_Qt_5_5_1_GCC_64bit-Default/src/SFML/Graphics/Makefile&quot;  VERBOSE=1 clean" />
            <DistClean command="/usr/bin/make -f &quot;/home/trung/CountUp/build-SFMLX-Desktop_Qt_5_5_1_GCC_64bit-Default/src/SFML/Graphics/Makefile&quot;  VERBOSE=1 clean" />
         </MakeCommands>
      </Target>
      <Target title="sfml-audio">
         <Option output="/home/trung/CountUp/build-SFMLX-Desktop_Qt_5_5_1_GCC_64bit-Default/lib/libsfml-audio.so" prefix_auto="0" extension_auto="0" />
         <Option working_dir="/home/trung/CountUp/build-SFMLX-Desktop_Qt_5_5_1_GCC_64bit-Default/src/SFML/Audio" />
         <Option object_output="./" />
         <Option type="3" />
         <Option compiler="gcc" />
         <Compiler>
            <Add option="-DOV_EXCLUDE_STATIC_CALLBACKS" />
            <Add option="-DFLAC__NO_DLL" />
            <Add directory="/home/trung/CountUp/SFMLX/include" />
            <Add directory="/home/trung/CountUp/SFMLX/src" />
            <Add directory="/usr/include" />
            <Add directory="/usr/include/AL" />
            <Add directory="/usr/include/c++/5" />
            <Add directory="/usr/include/c++/5/backward" />
            <Add directory="/usr/include/x86_64-linux-gnu" />
            <Add directory="/usr/include/x86_64-linux-gnu/c++/5" />
            <Add directory="/usr/lib/gcc/x86_64-linux-gnu/5/include" />
            <Add directory="/usr/lib/gcc/x86_64-linux-gnu/5/include-fixed" />
            <Add directory="/usr/local/include" />
         </Compiler>
         <MakeCommands>
            <Build command="/usr/bin/make -f &quot;/home/trung/CountUp/build-SFMLX-Desktop_Qt_5_5_1_GCC_64bit-Default/src/SFML/Audio/Makefile&quot;  VERBOSE=1 sfml-audio" />
            <CompileFile command="/usr/bin/make -f &quot;/home/trung/CountUp/build-SFMLX-Desktop_Qt_5_5_1_GCC_64bit-Default/src/SFML/Audio/Makefile&quot;  VERBOSE=1 &quot;$file&quot;" />
            <Clean command="/usr/bin/make -f &quot;/home/trung/CountUp/build-SFMLX-Desktop_Qt_5_5_1_GCC_64bit-Default/src/SFML/Audio/Makefile&quot;  VERBOSE=1 clean" />
            <DistClean command="/usr/bin/make -f &quot;/home/trung/CountUp/build-SFMLX-Desktop_Qt_5_5_1_GCC_64bit-Default/src/SFML/Audio/Makefile&quot;  VERBOSE=1 clean" />
         </MakeCommands>
      </Target>
      <Target title="sfml-audio/fast">
         <Option output="/home/trung/CountUp/build-SFMLX-Desktop_Qt_5_5_1_GCC_64bit-Default/lib/libsfml-audio.so" prefix_auto="0" extension_auto="0" />
         <Option working_dir="/home/trung/CountUp/build-SFMLX-Desktop_Qt_5_5_1_GCC_64bit-Default/src/SFML/Audio" />
         <Option object_output="./" />
         <Option type="3" />
         <Option compiler="gcc" />
         <Compiler>
            <Add option="-DOV_EXCLUDE_STATIC_CALLBACKS" />
            <Add option="-DFLAC__NO_DLL" />
            <Add directory="/home/trung/CountUp/SFMLX/include" />
            <Add directory="/home/trung/CountUp/SFMLX/src" />
            <Add directory="/usr/include" />
            <Add directory="/usr/include/AL" />
            <Add directory="/usr/include/c++/5" />
            <Add directory="/usr/include/c++/5/backward" />
            <Add directory="/usr/include/x86_64-linux-gnu" />
            <Add directory="/usr/include/x86_64-linux-gnu/c++/5" />
            <Add directory="/usr/lib/gcc/x86_64-linux-gnu/5/include" />
            <Add directory="/usr/lib/gcc/x86_64-linux-gnu/5/include-fixed" />
            <Add directory="/usr/local/include" />
         </Compiler>
         <MakeCommands>
            <Build command="/usr/bin/make -f &quot;/home/trung/CountUp/build-SFMLX-Desktop_Qt_5_5_1_GCC_64bit-Default/src/SFML/Audio/Makefile&quot;  VERBOSE=1 sfml-audio/fast" />
            <CompileFile command="/usr/bin/make -f &quot;/home/trung/CountUp/build-SFMLX-Desktop_Qt_5_5_1_GCC_64bit-Default/src/SFML/Audio/Makefile&quot;  VERBOSE=1 &quot;$file&quot;" />
            <Clean command="/usr/bin/make -f &quot;/home/trung/CountUp/build-SFMLX-Desktop_Qt_5_5_1_GCC_64bit-Default/src/SFML/Audio/Makefile&quot;  VERBOSE=1 clean" />
            <DistClean command="/usr/bin/make -f &quot;/home/trung/CountUp/build-SFMLX-Desktop_Qt_5_5_1_GCC_64bit-Default/src/SFML/Audio/Makefile&quot;  VERBOSE=1 clean" />
         </MakeCommands>
      </Target>
      </Build>
      <Unit filename="/home/trung/CountUp/SFMLX/src/SFML/Audio/ALCheck.cpp">
      </Unit>
      <Unit filename="/home/trung/CountUp/SFMLX/src/SFML/Audio/AlResource.cpp">
      </Unit>
      <Unit filename="/home/trung/CountUp/SFMLX/src/SFML/Audio/AudioDevice.cpp">
      </Unit>
      <Unit filename="/home/trung/CountUp/SFMLX/src/SFML/Audio/InputSoundFile.cpp">
      </Unit>
      <Unit filename="/home/trung/CountUp/SFMLX/src/SFML/Audio/Listener.cpp">
      </Unit>
      <Unit filename="/home/trung/CountUp/SFMLX/src/SFML/Audio/Music.cpp">
      </Unit>
      <Unit filename="/home/trung/CountUp/SFMLX/src/SFML/Audio/OutputSoundFile.cpp">
      </Unit>
      <Unit filename="/home/trung/CountUp/SFMLX/src/SFML/Audio/Sound.cpp">
      </Unit>
      <Unit filename="/home/trung/CountUp/SFMLX/src/SFML/Audio/SoundBuffer.cpp">
      </Unit>
      <Unit filename="/home/trung/CountUp/SFMLX/src/SFML/Audio/SoundBufferRecorder.cpp">
      </Unit>
      <Unit filename="/home/trung/CountUp/SFMLX/src/SFML/Audio/SoundFileFactory.cpp">
      </Unit>
      <Unit filename="/home/trung/CountUp/SFMLX/src/SFML/Audio/SoundFileReaderFlac.cpp">
      </Unit>
      <Unit filename="/home/trung/CountUp/SFMLX/src/SFML/Audio/SoundFileReaderOgg.cpp">
      </Unit>
      <Unit filename="/home/trung/CountUp/SFMLX/src/SFML/Audio/SoundFileReaderWav.cpp">
      </Unit>
      <Unit filename="/home/trung/CountUp/SFMLX/src/SFML/Audio/SoundFileWriterFlac.cpp">
      </Unit>
      <Unit filename="/home/trung/CountUp/SFMLX/src/SFML/Audio/SoundFileWriterOgg.cpp">
      </Unit>
      <Unit filename="/home/trung/CountUp/SFMLX/src/SFML/Audio/SoundFileWriterWav.cpp">
      </Unit>
      <Unit filename="/home/trung/CountUp/SFMLX/src/SFML/Audio/SoundRecorder.cpp">
      </Unit>
      <Unit filename="/home/trung/CountUp/SFMLX/src/SFML/Audio/SoundSource.cpp">
      </Unit>
      <Unit filename="/home/trung/CountUp/SFMLX/src/SFML/Audio/SoundStream.cpp">
      </Unit>
      <Unit filename="/home/trung/CountUp/SFMLX/src/SFML/Graphics/BlendMode.cpp">
      </Unit>
      <Unit filename="/home/trung/CountUp/SFMLX/src/SFML/Graphics/CircleShape.cpp">
      </Unit>
      <Unit filename="/home/trung/CountUp/SFMLX/src/SFML/Graphics/Color.cpp">
      </Unit>
      <Unit filename="/home/trung/CountUp/SFMLX/src/SFML/Graphics/ConvexShape.cpp">
      </Unit>
      <Unit filename="/home/trung/CountUp/SFMLX/src/SFML/Graphics/Font.cpp">
      </Unit>
      <Unit filename="/home/trung/CountUp/SFMLX/src/SFML/Graphics/GLCheck.cpp">
      </Unit>
      <Unit filename="/home/trung/CountUp/SFMLX/src/SFML/Graphics/GLExtensions.cpp">
      </Unit>
      <Unit filename="/home/trung/CountUp/SFMLX/src/SFML/Graphics/GLLoader.cpp">
      </Unit>
      <Unit filename="/home/trung/CountUp/SFMLX/src/SFML/Graphics/Glsl.cpp">
      </Unit>
      <Unit filename="/home/trung/CountUp/SFMLX/src/SFML/Graphics/Image.cpp">
      </Unit>
      <Unit filename="/home/trung/CountUp/SFMLX/src/SFML/Graphics/ImageLoader.cpp">
      </Unit>
      <Unit filename="/home/trung/CountUp/SFMLX/src/SFML/Graphics/RectangleShape.cpp">
      </Unit>
      <Unit filename="/home/trung/CountUp/SFMLX/src/SFML/Graphics/RenderStates.cpp">
      </Unit>
      <Unit filename="/home/trung/CountUp/SFMLX/src/SFML/Graphics/RenderTarget.cpp">
      </Unit>
      <Unit filename="/home/trung/CountUp/SFMLX/src/SFML/Graphics/RenderTexture.cpp">
      </Unit>
      <Unit filename="/home/trung/CountUp/SFMLX/src/SFML/Graphics/RenderTextureImpl.cpp">
      </Unit>
      <Unit filename="/home/trung/CountUp/SFMLX/src/SFML/Graphics/RenderTextureImplDefault.cpp">
      </Unit>
      <Unit filename="/home/trung/CountUp/SFMLX/src/SFML/Graphics/RenderTextureImplFBO.cpp">
      </Unit>
      <Unit filename="/home/trung/CountUp/SFMLX/src/SFML/Graphics/RenderWindow.cpp">
      </Unit>
      <Unit filename="/home/trung/CountUp/SFMLX/src/SFML/Graphics/Shader.cpp">
      </Unit>
      <Unit filename="/home/trung/CountUp/SFMLX/src/SFML/Graphics/Shape.cpp">
      </Unit>
      <Unit filename="/home/trung/CountUp/SFMLX/src/SFML/Graphics/Sprite.cpp">
      </Unit>
      <Unit filename="/home/trung/CountUp/SFMLX/src/SFML/Graphics/Text.cpp">
      </Unit>
      <Unit filename="/home/trung/CountUp/SFMLX/src/SFML/Graphics/Texture.cpp">
      </Unit>
      <Unit filename="/home/trung/CountUp/SFMLX/src/SFML/Graphics/TextureSaver.cpp">
      </Unit>
      <Unit filename="/home/trung/CountUp/SFMLX/src/SFML/Graphics/Transform.cpp">
      </Unit>
      <Unit filename="/home/trung/CountUp/SFMLX/src/SFML/Graphics/Transformable.cpp">
      </Unit>
      <Unit filename="/home/trung/CountUp/SFMLX/src/SFML/Graphics/Vertex.cpp">
      </Unit>
      <Unit filename="/home/trung/CountUp/SFMLX/src/SFML/Graphics/VertexArray.cpp">
      </Unit>
      <Unit filename="/home/trung/CountUp/SFMLX/src/SFML/Graphics/View.cpp">
      </Unit>
      <Unit filename="/home/trung/CountUp/SFMLX/src/SFML/Network/Ftp.cpp">
      </Unit>
      <Unit filename="/home/trung/CountUp/SFMLX/src/SFML/Network/Http.cpp">
      </Unit>
      <Unit filename="/home/trung/CountUp/SFMLX/src/SFML/Network/IpAddress.cpp">
      </Unit>
      <Unit filename="/home/trung/CountUp/SFMLX/src/SFML/Network/Packet.cpp">
      </Unit>
      <Unit filename="/home/trung/CountUp/SFMLX/src/SFML/Network/Socket.cpp">
      </Unit>
      <Unit filename="/home/trung/CountUp/SFMLX/src/SFML/Network/SocketSelector.cpp">
      </Unit>
      <Unit filename="/home/trung/CountUp/SFMLX/src/SFML/Network/TcpListener.cpp">
      </Unit>
      <Unit filename="/home/trung/CountUp/SFMLX/src/SFML/Network/TcpSocket.cpp">
      </Unit>
      <Unit filename="/home/trung/CountUp/SFMLX/src/SFML/Network/UdpSocket.cpp">
      </Unit>
      <Unit filename="/home/trung/CountUp/SFMLX/src/SFML/Network/Unix/SocketImpl.cpp">
      </Unit>
      <Unit filename="/home/trung/CountUp/SFMLX/src/SFML/System/Clock.cpp">
      </Unit>
      <Unit filename="/home/trung/CountUp/SFMLX/src/SFML/System/Err.cpp">
      </Unit>
      <Unit filename="/home/trung/CountUp/SFMLX/src/SFML/System/FileInputStream.cpp">
      </Unit>
      <Unit filename="/home/trung/CountUp/SFMLX/src/SFML/System/Lock.cpp">
      </Unit>
      <Unit filename="/home/trung/CountUp/SFMLX/src/SFML/System/MemoryInputStream.cpp">
      </Unit>
      <Unit filename="/home/trung/CountUp/SFMLX/src/SFML/System/Mutex.cpp">
      </Unit>
      <Unit filename="/home/trung/CountUp/SFMLX/src/SFML/System/Sleep.cpp">
      </Unit>
      <Unit filename="/home/trung/CountUp/SFMLX/src/SFML/System/String.cpp">
      </Unit>
      <Unit filename="/home/trung/CountUp/SFMLX/src/SFML/System/Thread.cpp">
      </Unit>
      <Unit filename="/home/trung/CountUp/SFMLX/src/SFML/System/ThreadLocal.cpp">
      </Unit>
      <Unit filename="/home/trung/CountUp/SFMLX/src/SFML/System/Time.cpp">
      </Unit>
      <Unit filename="/home/trung/CountUp/SFMLX/src/SFML/System/Unix/ClockImpl.cpp">
      </Unit>
      <Unit filename="/home/trung/CountUp/SFMLX/src/SFML/System/Unix/MutexImpl.cpp">
      </Unit>
      <Unit filename="/home/trung/CountUp/SFMLX/src/SFML/System/Unix/SleepImpl.cpp">
      </Unit>
      <Unit filename="/home/trung/CountUp/SFMLX/src/SFML/System/Unix/ThreadImpl.cpp">
      </Unit>
      <Unit filename="/home/trung/CountUp/SFMLX/src/SFML/System/Unix/ThreadLocalImpl.cpp">
      </Unit>
      <Unit filename="/home/trung/CountUp/SFMLX/src/SFML/Window/Context.cpp">
      </Unit>
      <Unit filename="/home/trung/CountUp/SFMLX/src/SFML/Window/GlContext.cpp">
      </Unit>
      <Unit filename="/home/trung/CountUp/SFMLX/src/SFML/Window/GlResource.cpp">
      </Unit>
      <Unit filename="/home/trung/CountUp/SFMLX/src/SFML/Window/Joystick.cpp">
      </Unit>
      <Unit filename="/home/trung/CountUp/SFMLX/src/SFML/Window/JoystickManager.cpp">
      </Unit>
      <Unit filename="/home/trung/CountUp/SFMLX/src/SFML/Window/Keyboard.cpp">
      </Unit>
      <Unit filename="/home/trung/CountUp/SFMLX/src/SFML/Window/Mouse.cpp">
      </Unit>
      <Unit filename="/home/trung/CountUp/SFMLX/src/SFML/Window/Sensor.cpp">
      </Unit>
      <Unit filename="/home/trung/CountUp/SFMLX/src/SFML/Window/SensorManager.cpp">
      </Unit>
      <Unit filename="/home/trung/CountUp/SFMLX/src/SFML/Window/Touch.cpp">
      </Unit>
      <Unit filename="/home/trung/CountUp/SFMLX/src/SFML/Window/Unix/Display.cpp">
      </Unit>
      <Unit filename="/home/trung/CountUp/SFMLX/src/SFML/Window/Unix/GlxContext.cpp">
      </Unit>
      <Unit filename="/home/trung/CountUp/SFMLX/src/SFML/Window/Unix/GlxExtensions.cpp">
      </Unit>
      <Unit filename="/home/trung/CountUp/SFMLX/src/SFML/Window/Unix/InputImpl.cpp">
      </Unit>
      <Unit filename="/home/trung/CountUp/SFMLX/src/SFML/Window/Unix/JoystickImpl.cpp">
      </Unit>
      <Unit filename="/home/trung/CountUp/SFMLX/src/SFML/Window/Unix/SensorImpl.cpp">
      </Unit>
      <Unit filename="/home/trung/CountUp/SFMLX/src/SFML/Window/Unix/VideoModeImpl.cpp">
      </Unit>
      <Unit filename="/home/trung/CountUp/SFMLX/src/SFML/Window/Unix/WindowImplX11.cpp">
      </Unit>
      <Unit filename="/home/trung/CountUp/SFMLX/src/SFML/Window/VideoMode.cpp">
      </Unit>
      <Unit filename="/home/trung/CountUp/SFMLX/src/SFML/Window/Window.cpp">
      </Unit>
      <Unit filename="/home/trung/CountUp/SFMLX/src/SFML/Window/WindowImpl.cpp">
      </Unit>
      <Unit filename="/home/trung/CountUp/SFMLX/include/SFML/Audio/AlResource.hpp">
      </Unit>
      <Unit filename="/home/trung/CountUp/SFMLX/include/SFML/Audio/Export.hpp">
      </Unit>
      <Unit filename="/home/trung/CountUp/SFMLX/include/SFML/Audio/InputSoundFile.hpp">
      </Unit>
      <Unit filename="/home/trung/CountUp/SFMLX/include/SFML/Audio/Listener.hpp">
      </Unit>
      <Unit filename="/home/trung/CountUp/SFMLX/include/SFML/Audio/Music.hpp">
      </Unit>
      <Unit filename="/home/trung/CountUp/SFMLX/include/SFML/Audio/OutputSoundFile.hpp">
      </Unit>
      <Unit filename="/home/trung/CountUp/SFMLX/include/SFML/Audio/Sound.hpp">
      </Unit>
      <Unit filename="/home/trung/CountUp/SFMLX/include/SFML/Audio/SoundBuffer.hpp">
      </Unit>
      <Unit filename="/home/trung/CountUp/SFMLX/include/SFML/Audio/SoundBufferRecorder.hpp">
      </Unit>
      <Unit filename="/home/trung/CountUp/SFMLX/include/SFML/Audio/SoundFileFactory.hpp">
      </Unit>
      <Unit filename="/home/trung/CountUp/SFMLX/include/SFML/Audio/SoundFileFactory.inl">
      </Unit>
      <Unit filename="/home/trung/CountUp/SFMLX/include/SFML/Audio/SoundFileReader.hpp">
      </Unit>
      <Unit filename="/home/trung/CountUp/SFMLX/include/SFML/Audio/SoundFileWriter.hpp">
      </Unit>
      <Unit filename="/home/trung/CountUp/SFMLX/include/SFML/Audio/SoundRecorder.hpp">
      </Unit>
      <Unit filename="/home/trung/CountUp/SFMLX/include/SFML/Audio/SoundSource.hpp">
      </Unit>
      <Unit filename="/home/trung/CountUp/SFMLX/include/SFML/Audio/SoundStream.hpp">
      </Unit>
      <Unit filename="/home/trung/CountUp/SFMLX/include/SFML/Graphics/BlendMode.hpp">
      </Unit>
      <Unit filename="/home/trung/CountUp/SFMLX/include/SFML/Graphics/CircleShape.hpp">
      </Unit>
      <Unit filename="/home/trung/CountUp/SFMLX/include/SFML/Graphics/Color.hpp">
      </Unit>
      <Unit filename="/home/trung/CountUp/SFMLX/include/SFML/Graphics/ConvexShape.hpp">
      </Unit>
      <Unit filename="/home/trung/CountUp/SFMLX/include/SFML/Graphics/Drawable.hpp">
      </Unit>
      <Unit filename="/home/trung/CountUp/SFMLX/include/SFML/Graphics/Export.hpp">
      </Unit>
      <Unit filename="/home/trung/CountUp/SFMLX/include/SFML/Graphics/Font.hpp">
      </Unit>
      <Unit filename="/home/trung/CountUp/SFMLX/include/SFML/Graphics/Glsl.hpp">
      </Unit>
      <Unit filename="/home/trung/CountUp/SFMLX/include/SFML/Graphics/Glsl.inl">
      </Unit>
      <Unit filename="/home/trung/CountUp/SFMLX/include/SFML/Graphics/Glyph.hpp">
      </Unit>
      <Unit filename="/home/trung/CountUp/SFMLX/include/SFML/Graphics/Image.hpp">
      </Unit>
      <Unit filename="/home/trung/CountUp/SFMLX/include/SFML/Graphics/PrimitiveType.hpp">
      </Unit>
      <Unit filename="/home/trung/CountUp/SFMLX/include/SFML/Graphics/Rect.hpp">
      </Unit>
      <Unit filename="/home/trung/CountUp/SFMLX/include/SFML/Graphics/Rect.inl">
      </Unit>
      <Unit filename="/home/trung/CountUp/SFMLX/include/SFML/Graphics/RectangleShape.hpp">
      </Unit>
      <Unit filename="/home/trung/CountUp/SFMLX/include/SFML/Graphics/RenderStates.hpp">
      </Unit>
      <Unit filename="/home/trung/CountUp/SFMLX/include/SFML/Graphics/RenderTarget.hpp">
      </Unit>
      <Unit filename="/home/trung/CountUp/SFMLX/include/SFML/Graphics/RenderTexture.hpp">
      </Unit>
      <Unit filename="/home/trung/CountUp/SFMLX/include/SFML/Graphics/RenderWindow.hpp">
      </Unit>
      <Unit filename="/home/trung/CountUp/SFMLX/include/SFML/Graphics/Shader.hpp">
      </Unit>
      <Unit filename="/home/trung/CountUp/SFMLX/include/SFML/Graphics/Shape.hpp">
      </Unit>
      <Unit filename="/home/trung/CountUp/SFMLX/include/SFML/Graphics/Sprite.hpp">
      </Unit>
      <Unit filename="/home/trung/CountUp/SFMLX/include/SFML/Graphics/Text.hpp">
      </Unit>
      <Unit filename="/home/trung/CountUp/SFMLX/include/SFML/Graphics/Texture.hpp">
      </Unit>
      <Unit filename="/home/trung/CountUp/SFMLX/include/SFML/Graphics/Transform.hpp">
      </Unit>
      <Unit filename="/home/trung/CountUp/SFMLX/include/SFML/Graphics/Transformable.hpp">
      </Unit>
      <Unit filename="/home/trung/CountUp/SFMLX/include/SFML/Graphics/Vertex.hpp">
      </Unit>
      <Unit filename="/home/trung/CountUp/SFMLX/include/SFML/Graphics/VertexArray.hpp">
      </Unit>
      <Unit filename="/home/trung/CountUp/SFMLX/include/SFML/Graphics/View.hpp">
      </Unit>
      <Unit filename="/home/trung/CountUp/SFMLX/include/SFML/Network/Export.hpp">
      </Unit>
      <Unit filename="/home/trung/CountUp/SFMLX/include/SFML/Network/Ftp.hpp">
      </Unit>
      <Unit filename="/home/trung/CountUp/SFMLX/include/SFML/Network/Http.hpp">
      </Unit>
      <Unit filename="/home/trung/CountUp/SFMLX/include/SFML/Network/IpAddress.hpp">
      </Unit>
      <Unit filename="/home/trung/CountUp/SFMLX/include/SFML/Network/Packet.hpp">
      </Unit>
      <Unit filename="/home/trung/CountUp/SFMLX/include/SFML/Network/Socket.hpp">
      </Unit>
      <Unit filename="/home/trung/CountUp/SFMLX/include/SFML/Network/SocketHandle.hpp">
      </Unit>
      <Unit filename="/home/trung/CountUp/SFMLX/include/SFML/Network/SocketSelector.hpp">
      </Unit>
      <Unit filename="/home/trung/CountUp/SFMLX/include/SFML/Network/TcpListener.hpp">
      </Unit>
      <Unit filename="/home/trung/CountUp/SFMLX/include/SFML/Network/TcpSocket.hpp">
      </Unit>
      <Unit filename="/home/trung/CountUp/SFMLX/include/SFML/Network/UdpSocket.hpp">
      </Unit>
      <Unit filename="/home/trung/CountUp/SFMLX/include/SFML/System/Clock.hpp">
      </Unit>
      <Unit filename="/home/trung/CountUp/SFMLX/include/SFML/System/Err.hpp">
      </Unit>
      <Unit filename="/home/trung/CountUp/SFMLX/include/SFML/System/Export.hpp">
      </Unit>
      <Unit filename="/home/trung/CountUp/SFMLX/include/SFML/System/FileInputStream.hpp">
      </Unit>
      <Unit filename="/home/trung/CountUp/SFMLX/include/SFML/System/InputStream.hpp">
      </Unit>
      <Unit filename="/home/trung/CountUp/SFMLX/include/SFML/System/Lock.hpp">
      </Unit>
      <Unit filename="/home/trung/CountUp/SFMLX/include/SFML/System/MemoryInputStream.hpp">
      </Unit>
      <Unit filename="/home/trung/CountUp/SFMLX/include/SFML/System/Mutex.hpp">
      </Unit>
      <Unit filename="/home/trung/CountUp/SFMLX/include/SFML/System/NonCopyable.hpp">
      </Unit>
      <Unit filename="/home/trung/CountUp/SFMLX/include/SFML/System/Sleep.hpp">
      </Unit>
      <Unit filename="/home/trung/CountUp/SFMLX/include/SFML/System/String.hpp">
      </Unit>
      <Unit filename="/home/trung/CountUp/SFMLX/include/SFML/System/String.inl">
      </Unit>
      <Unit filename="/home/trung/CountUp/SFMLX/include/SFML/System/Thread.hpp">
      </Unit>
      <Unit filename="/home/trung/CountUp/SFMLX/include/SFML/System/Thread.inl">
      </Unit>
      <Unit filename="/home/trung/CountUp/SFMLX/include/SFML/System/ThreadLocal.hpp">
      </Unit>
      <Unit filename="/home/trung/CountUp/SFMLX/include/SFML/System/ThreadLocalPtr.hpp">
      </Unit>
      <Unit filename="/home/trung/CountUp/SFMLX/include/SFML/System/ThreadLocalPtr.inl">
      </Unit>
      <Unit filename="/home/trung/CountUp/SFMLX/include/SFML/System/Time.hpp">
      </Unit>
      <Unit filename="/home/trung/CountUp/SFMLX/include/SFML/System/Utf.hpp">
      </Unit>
      <Unit filename="/home/trung/CountUp/SFMLX/include/SFML/System/Utf.inl">
      </Unit>
      <Unit filename="/home/trung/CountUp/SFMLX/include/SFML/System/Vector2.hpp">
      </Unit>
      <Unit filename="/home/trung/CountUp/SFMLX/include/SFML/System/Vector2.inl">
      </Unit>
      <Unit filename="/home/trung/CountUp/SFMLX/include/SFML/System/Vector3.hpp">
      </Unit>
      <Unit filename="/home/trung/CountUp/SFMLX/include/SFML/System/Vector3.inl">
      </Unit>
      <Unit filename="/home/trung/CountUp/SFMLX/include/SFML/Window/Context.hpp">
      </Unit>
      <Unit filename="/home/trung/CountUp/SFMLX/include/SFML/Window/ContextSettings.hpp">
      </Unit>
      <Unit filename="/home/trung/CountUp/SFMLX/include/SFML/Window/Event.hpp">
      </Unit>
      <Unit filename="/home/trung/CountUp/SFMLX/include/SFML/Window/Export.hpp">
      </Unit>
      <Unit filename="/home/trung/CountUp/SFMLX/include/SFML/Window/GlResource.hpp">
      </Unit>
      <Unit filename="/home/trung/CountUp/SFMLX/include/SFML/Window/Joystick.hpp">
      </Unit>
      <Unit filename="/home/trung/CountUp/SFMLX/include/SFML/Window/Keyboard.hpp">
      </Unit>
      <Unit filename="/home/trung/CountUp/SFMLX/include/SFML/Window/Mouse.hpp">
      </Unit>
      <Unit filename="/home/trung/CountUp/SFMLX/include/SFML/Window/Sensor.hpp">
      </Unit>
      <Unit filename="/home/trung/CountUp/SFMLX/include/SFML/Window/Touch.hpp">
      </Unit>
      <Unit filename="/home/trung/CountUp/SFMLX/include/SFML/Window/VideoMode.hpp">
      </Unit>
      <Unit filename="/home/trung/CountUp/SFMLX/include/SFML/Window/Window.hpp">
      </Unit>
      <Unit filename="/home/trung/CountUp/SFMLX/include/SFML/Window/WindowHandle.hpp">
      </Unit>
      <Unit filename="/home/trung/CountUp/SFMLX/include/SFML/Window/WindowStyle.hpp">
      </Unit>
      <Unit filename="/home/trung/CountUp/SFMLX/src/SFML/Audio/ALCheck.hpp">
      </Unit>
      <Unit filename="/home/trung/CountUp/SFMLX/src/SFML/Audio/AudioDevice.hpp">
      </Unit>
      <Unit filename="/home/trung/CountUp/SFMLX/src/SFML/Audio/SoundFileReaderFlac.hpp">
      </Unit>
      <Unit filename="/home/trung/CountUp/SFMLX/src/SFML/Audio/SoundFileReaderOgg.hpp">
      </Unit>
      <Unit filename="/home/trung/CountUp/SFMLX/src/SFML/Audio/SoundFileReaderWav.hpp">
      </Unit>
      <Unit filename="/home/trung/CountUp/SFMLX/src/SFML/Audio/SoundFileWriterFlac.hpp">
      </Unit>
      <Unit filename="/home/trung/CountUp/SFMLX/src/SFML/Audio/SoundFileWriterOgg.hpp">
      </Unit>
      <Unit filename="/home/trung/CountUp/SFMLX/src/SFML/Audio/SoundFileWriterWav.hpp">
      </Unit>
      <Unit filename="/home/trung/CountUp/SFMLX/src/SFML/Graphics/GLCheck.hpp">
      </Unit>
      <Unit filename="/home/trung/CountUp/SFMLX/src/SFML/Graphics/GLExtensions.hpp">
      </Unit>
      <Unit filename="/home/trung/CountUp/SFMLX/src/SFML/Graphics/GLLoader.hpp">
      </Unit>
      <Unit filename="/home/trung/CountUp/SFMLX/src/SFML/Graphics/ImageLoader.hpp">
      </Unit>
      <Unit filename="/home/trung/CountUp/SFMLX/src/SFML/Graphics/RenderTextureImpl.hpp">
      </Unit>
      <Unit filename="/home/trung/CountUp/SFMLX/src/SFML/Graphics/RenderTextureImplDefault.hpp">
      </Unit>
      <Unit filename="/home/trung/CountUp/SFMLX/src/SFML/Graphics/RenderTextureImplFBO.hpp">
      </Unit>
      <Unit filename="/home/trung/CountUp/SFMLX/src/SFML/Graphics/TextureSaver.hpp">
      </Unit>
      <Unit filename="/home/trung/CountUp/SFMLX/src/SFML/Network/SocketImpl.hpp">
      </Unit>
      <Unit filename="/home/trung/CountUp/SFMLX/src/SFML/Network/Unix/SocketImpl.hpp">
      </Unit>
      <Unit filename="/home/trung/CountUp/SFMLX/src/SFML/System/Unix/ClockImpl.hpp">
      </Unit>
      <Unit filename="/home/trung/CountUp/SFMLX/src/SFML/System/Unix/MutexImpl.hpp">
      </Unit>
      <Unit filename="/home/trung/CountUp/SFMLX/src/SFML/System/Unix/SleepImpl.hpp">
      </Unit>
      <Unit filename="/home/trung/CountUp/SFMLX/src/SFML/System/Unix/ThreadImpl.hpp">
      </Unit>
      <Unit filename="/home/trung/CountUp/SFMLX/src/SFML/System/Unix/ThreadLocalImpl.hpp">
      </Unit>
      <Unit filename="/home/trung/CountUp/SFMLX/src/SFML/Window/GlContext.hpp">
      </Unit>
      <Unit filename="/home/trung/CountUp/SFMLX/src/SFML/Window/InputImpl.hpp">
      </Unit>
      <Unit filename="/home/trung/CountUp/SFMLX/src/SFML/Window/JoystickImpl.hpp">
      </Unit>
      <Unit filename="/home/trung/CountUp/SFMLX/src/SFML/Window/JoystickManager.hpp">
      </Unit>
      <Unit filename="/home/trung/CountUp/SFMLX/src/SFML/Window/SensorImpl.hpp">
      </Unit>
      <Unit filename="/home/trung/CountUp/SFMLX/src/SFML/Window/SensorManager.hpp">
      </Unit>
      <Unit filename="/home/trung/CountUp/SFMLX/src/SFML/Window/Unix/Display.hpp">
      </Unit>
      <Unit filename="/home/trung/CountUp/SFMLX/src/SFML/Window/Unix/GlxContext.hpp">
      </Unit>
      <Unit filename="/home/trung/CountUp/SFMLX/src/SFML/Window/Unix/GlxExtensions.hpp">
      </Unit>
      <Unit filename="/home/trung/CountUp/SFMLX/src/SFML/Window/Unix/InputImpl.hpp">
      </Unit>
      <Unit filename="/home/trung/CountUp/SFMLX/src/SFML/Window/Unix/JoystickImpl.hpp">
      </Unit>
      <Unit filename="/home/trung/CountUp/SFMLX/src/SFML/Window/Unix/ScopedXcbPtr.hpp">
      </Unit>
      <Unit filename="/home/trung/CountUp/SFMLX/src/SFML/Window/Unix/ScopedXcbPtr.inl">
      </Unit>
      <Unit filename="/home/trung/CountUp/SFMLX/src/SFML/Window/Unix/SensorImpl.hpp">
      </Unit>
      <Unit filename="/home/trung/CountUp/SFMLX/src/SFML/Window/Unix/WindowImplX11.hpp">
      </Unit>
      <Unit filename="/home/trung/CountUp/SFMLX/src/SFML/Window/VideoModeImpl.hpp">
      </Unit>
      <Unit filename="/home/trung/CountUp/SFMLX/src/SFML/Window/WindowImpl.hpp">
      </Unit>
      <Unit filename="/home/trung/CountUp/SFMLX/CMakeLists.txt">
          <Option virtualFolder="CMake Files\" />
      </Unit>
      <Unit filename="/home/trung/CountUp/SFMLX/cmake/Config.cmake">
          <Option virtualFolder="CMake Files\cmake\" />
      </Unit>
      <Unit filename="/home/trung/CountUp/SFMLX/cmake/Macros.cmake">
          <Option virtualFolder="CMake Files\cmake\" />
      </Unit>
      <Unit filename="/home/trung/CountUp/SFMLX/cmake/Modules/FindXCB.cmake">
          <Option virtualFolder="CMake Files\cmake\Modules\" />
      </Unit>
      <Unit filename="/home/trung/CountUp/SFMLX/cmake/Modules/FindUDev.cmake">
          <Option virtualFolder="CMake Files\cmake\Modules\" />
      </Unit>
      <Unit filename="/home/trung/CountUp/SFMLX/cmake/Modules/FindFreetype.cmake">
          <Option virtualFolder="CMake Files\cmake\Modules\" />
      </Unit>
      <Unit filename="/home/trung/CountUp/SFMLX/cmake/Modules/FindVorbis.cmake">
          <Option virtualFolder="CMake Files\cmake\Modules\" />
      </Unit>
      <Unit filename="/home/trung/CountUp/SFMLX/cmake/Modules/FindFLAC.cmake">
          <Option virtualFolder="CMake Files\cmake\Modules\" />
      </Unit>
      <Unit filename="/home/trung/CountUp/SFMLX/src/SFML/CMakeLists.txt">
          <Option virtualFolder="CMake Files\src\SFML\" />
      </Unit>
      <Unit filename="/home/trung/CountUp/SFMLX/src/SFML/System/CMakeLists.txt">
          <Option virtualFolder="CMake Files\src\SFML\System\" />
      </Unit>
      <Unit filename="/home/trung/CountUp/SFMLX/src/SFML/Window/CMakeLists.txt">
          <Option virtualFolder="CMake Files\src\SFML\Window\" />
      </Unit>
      <Unit filename="/home/trung/CountUp/SFMLX/src/SFML/Network/CMakeLists.txt">
          <Option virtualFolder="CMake Files\src\SFML\Network\" />
      </Unit>
      <Unit filename="/home/trung/CountUp/SFMLX/src/SFML/Graphics/CMakeLists.txt">
          <Option virtualFolder="CMake Files\src\SFML\Graphics\" />
      </Unit>
      <Unit filename="/home/trung/CountUp/SFMLX/src/SFML/Audio/CMakeLists.txt">
          <Option virtualFolder="CMake Files\src\SFML\Audio\" />
      </Unit>
   </Project>
</CodeBlocks_project_file>
